
Microsoft Visual Studio Solution File, Format Version 12.00
# Visual Studio Version 16
VisualStudioVersion = 16.0.31515.178
MinimumVisualStudioVersion = 10.0.40219.1
Project("{888888A0-9F3D-457C-B088-3A5042F75D52}") = "ProjectPart2", "ProjectPart2.pyproj", "{5849375A-A601-46F4-BC60-AB7CF1666483}"
EndProject
Global
	GlobalSection(SolutionConfigurationPlatforms) = preSolution
		Debug|Any CPU = Debug|Any CPU
		Release|Any CPU = Release|Any CPU
	EndGlobalSection
	GlobalSection(ProjectConfigurationPlatforms) = postSolution
		{5849375A-A601-46F4-BC60-AB7CF1666483}.Debug|Any CPU.ActiveCfg = Debug|Any CPU
		{5849375A-A601-46F4-BC60-AB7CF1666483}.Release|Any CPU.ActiveCfg = Release|Any CPU
	EndGlobalSection
	GlobalSection(SolutionProperties) = preSolution
		HideSolutionNode = FALSE
	EndGlobalSection
	GlobalSection(ExtensibilityGlobals) = postSolution
		SolutionGuid = {C94E5E93-EF05-48FC-8D07-9F6917AFACB2}
	EndGlobalSection
EndGlobal
